// !$*UTF8*$!
{
	archiveVersion = 1;
	classes = {
	};
	objectVersion = 52;
	objects = {

/* Begin PBXBuildFile section */
		5E04A14025C6E64F00CEEFD0 /* DatabaseManager.swift in Sources */ = {isa = PBXBuildFile; fileRef = 5E04A13F25C6E64F00CEEFD0 /* DatabaseManager.swift */; };
		5E1CA43725C69482002C37FF /* SwiftUITask02App.swift in Sources */ = {isa = PBXBuildFile; fileRef = 5E1CA43625C69482002C37FF /* SwiftUITask02App.swift */; };
		5E1CA43925C69482002C37FF /* ContentView.swift in Sources */ = {isa = PBXBuildFile; fileRef = 5E1CA43825C69482002C37FF /* ContentView.swift */; };
		5E1CA43B25C69485002C37FF /* Assets.xcassets in Resources */ = {isa = PBXBuildFile; fileRef = 5E1CA43A25C69485002C37FF /* Assets.xcassets */; };
		5E1CA43E25C69485002C37FF /* Preview Assets.xcassets in Resources */ = {isa = PBXBuildFile; fileRef = 5E1CA43D25C69485002C37FF /* Preview Assets.xcassets */; };
		5E1CA44925C69485002C37FF /* SwiftUITask02Tests.swift in Sources */ = {isa = PBXBuildFile; fileRef = 5E1CA44825C69485002C37FF /* SwiftUITask02Tests.swift */; };
		5E1CA45425C69485002C37FF /* SwiftUITask02UITests.swift in Sources */ = {isa = PBXBuildFile; fileRef = 5E1CA45325C69485002C37FF /* SwiftUITask02UITests.swift */; };
		5E1CA46525C69528002C37FF /* Item.swift in Sources */ = {isa = PBXBuildFile; fileRef = 5E1CA46425C69528002C37FF /* Item.swift */; };
		5E1CA46A25C69595002C37FF /* ItemView.swift in Sources */ = {isa = PBXBuildFile; fileRef = 5E1CA46925C69595002C37FF /* ItemView.swift */; };
		5E1CA46F25C6974A002C37FF /* EditView.swift in Sources */ = {isa = PBXBuildFile; fileRef = 5E1CA46E25C6974A002C37FF /* EditView.swift */; };
		5E1CA47825C69796002C37FF /* Localizable.strings in Resources */ = {isa = PBXBuildFile; fileRef = 5E1CA47A25C69796002C37FF /* Localizable.strings */; };
		5E1DA5CF25D5186A00AB0136 /* MyWidget.swift in Sources */ = {isa = PBXBuildFile; fileRef = 5E1DA5CE25D5186A00AB0136 /* MyWidget.swift */; };
		5E1DA5D225D5186D00AB0136 /* Assets.xcassets in Resources */ = {isa = PBXBuildFile; fileRef = 5E1DA5D125D5186D00AB0136 /* Assets.xcassets */; };
		5E1DA5D425D5186D00AB0136 /* MyWidget.intentdefinition in Sources */ = {isa = PBXBuildFile; fileRef = 5E1DA5D025D5186A00AB0136 /* MyWidget.intentdefinition */; };
		5E1DA5D525D5186D00AB0136 /* MyWidget.intentdefinition in Sources */ = {isa = PBXBuildFile; fileRef = 5E1DA5D025D5186A00AB0136 /* MyWidget.intentdefinition */; };
		5E1DA5D825D5186D00AB0136 /* MyWidgetExtension.appex in Embed App Extensions */ = {isa = PBXBuildFile; fileRef = 5E1DA5C825D5186A00AB0136 /* MyWidgetExtension.appex */; settings = {ATTRIBUTES = (RemoveHeadersOnCopy, ); }; };
		5E1DA5F825D56ECA00AB0136 /* Item.swift in Sources */ = {isa = PBXBuildFile; fileRef = 5E1CA46425C69528002C37FF /* Item.swift */; };
		5E1DA5FD25D56ECE00AB0136 /* DatabaseManager.swift in Sources */ = {isa = PBXBuildFile; fileRef = 5E04A13F25C6E64F00CEEFD0 /* DatabaseManager.swift */; };
		5E76246325D57BFB0027C803 /* Realm in Frameworks */ = {isa = PBXBuildFile; productRef = 5E76246225D57BFB0027C803 /* Realm */; };
		5E76246525D57BFB0027C803 /* RealmSwift in Frameworks */ = {isa = PBXBuildFile; productRef = 5E76246425D57BFB0027C803 /* RealmSwift */; };
		5E76246B25D57C1E0027C803 /* Realm in Frameworks */ = {isa = PBXBuildFile; productRef = 5E76246A25D57C1E0027C803 /* Realm */; };
		5E76246D25D57C1E0027C803 /* RealmSwift in Frameworks */ = {isa = PBXBuildFile; productRef = 5E76246C25D57C1E0027C803 /* RealmSwift */; };
/* End PBXBuildFile section */

/* Begin PBXContainerItemProxy section */
		5E1CA44525C69485002C37FF /* PBXContainerItemProxy */ = {
			isa = PBXContainerItemProxy;
			containerPortal = 5E1CA42B25C69482002C37FF /* Project object */;
			proxyType = 1;
			remoteGlobalIDString = 5E1CA43225C69482002C37FF;
			remoteInfo = SwiftUITask02;
		};
		5E1CA45025C69485002C37FF /* PBXContainerItemProxy */ = {
			isa = PBXContainerItemProxy;
			containerPortal = 5E1CA42B25C69482002C37FF /* Project object */;
			proxyType = 1;
			remoteGlobalIDString = 5E1CA43225C69482002C37FF;
			remoteInfo = SwiftUITask02;
		};
		5E1DA5D625D5186D00AB0136 /* PBXContainerItemProxy */ = {
			isa = PBXContainerItemProxy;
			containerPortal = 5E1CA42B25C69482002C37FF /* Project object */;
			proxyType = 1;
			remoteGlobalIDString = 5E1DA5C725D5186A00AB0136;
			remoteInfo = MyWidgetExtension;
		};
/* End PBXContainerItemProxy section */

/* Begin PBXCopyFilesBuildPhase section */
		5E1DA5D925D5186D00AB0136 /* Embed App Extensions */ = {
			isa = PBXCopyFilesBuildPhase;
			buildActionMask = 2147483647;
			dstPath = "";
			dstSubfolderSpec = 13;
			files = (
				5E1DA5D825D5186D00AB0136 /* MyWidgetExtension.appex in Embed App Extensions */,
			);
			name = "Embed App Extensions";
			runOnlyForDeploymentPostprocessing = 0;
		};
/* End PBXCopyFilesBuildPhase section */

/* Begin PBXFileReference section */
		5E04A13F25C6E64F00CEEFD0 /* DatabaseManager.swift */ = {isa = PBXFileReference; lastKnownFileType = sourcecode.swift; path = DatabaseManager.swift; sourceTree = "<group>"; };
		5E1CA43325C69482002C37FF /* iOSWidgetKit.app */ = {isa = PBXFileReference; explicitFileType = wrapper.application; includeInIndex = 0; path = iOSWidgetKit.app; sourceTree = BUILT_PRODUCTS_DIR; };
		5E1CA43625C69482002C37FF /* SwiftUITask02App.swift */ = {isa = PBXFileReference; lastKnownFileType = sourcecode.swift; path = SwiftUITask02App.swift; sourceTree = "<group>"; };
		5E1CA43825C69482002C37FF /* ContentView.swift */ = {isa = PBXFileReference; lastKnownFileType = sourcecode.swift; path = ContentView.swift; sourceTree = "<group>"; };
		5E1CA43A25C69485002C37FF /* Assets.xcassets */ = {isa = PBXFileReference; lastKnownFileType = folder.assetcatalog; path = Assets.xcassets; sourceTree = "<group>"; };
		5E1CA43D25C69485002C37FF /* Preview Assets.xcassets */ = {isa = PBXFileReference; lastKnownFileType = folder.assetcatalog; path = "Preview Assets.xcassets"; sourceTree = "<group>"; };
		5E1CA43F25C69485002C37FF /* Info.plist */ = {isa = PBXFileReference; lastKnownFileType = text.plist.xml; path = Info.plist; sourceTree = "<group>"; };
		5E1CA44425C69485002C37FF /* iOSWidgetKitTests.xctest */ = {isa = PBXFileReference; explicitFileType = wrapper.cfbundle; includeInIndex = 0; path = iOSWidgetKitTests.xctest; sourceTree = BUILT_PRODUCTS_DIR; };
		5E1CA44825C69485002C37FF /* SwiftUITask02Tests.swift */ = {isa = PBXFileReference; lastKnownFileType = sourcecode.swift; path = SwiftUITask02Tests.swift; sourceTree = "<group>"; };
		5E1CA44A25C69485002C37FF /* Info.plist */ = {isa = PBXFileReference; lastKnownFileType = text.plist.xml; path = Info.plist; sourceTree = "<group>"; };
		5E1CA44F25C69485002C37FF /* iOSWidgetKitUITests.xctest */ = {isa = PBXFileReference; explicitFileType = wrapper.cfbundle; includeInIndex = 0; path = iOSWidgetKitUITests.xctest; sourceTree = BUILT_PRODUCTS_DIR; };
		5E1CA45325C69485002C37FF /* SwiftUITask02UITests.swift */ = {isa = PBXFileReference; lastKnownFileType = sourcecode.swift; path = SwiftUITask02UITests.swift; sourceTree = "<group>"; };
		5E1CA45525C69485002C37FF /* Info.plist */ = {isa = PBXFileReference; lastKnownFileType = text.plist.xml; path = Info.plist; sourceTree = "<group>"; };
		5E1CA46425C69528002C37FF /* Item.swift */ = {isa = PBXFileReference; lastKnownFileType = sourcecode.swift; path = Item.swift; sourceTree = "<group>"; };
		5E1CA46925C69595002C37FF /* ItemView.swift */ = {isa = PBXFileReference; lastKnownFileType = sourcecode.swift; path = ItemView.swift; sourceTree = "<group>"; };
		5E1CA46E25C6974A002C37FF /* EditView.swift */ = {isa = PBXFileReference; lastKnownFileType = sourcecode.swift; path = EditView.swift; sourceTree = "<group>"; };
		5E1CA47925C69796002C37FF /* en */ = {isa = PBXFileReference; lastKnownFileType = text.plist.strings; name = en; path = en.lproj/Localizable.strings; sourceTree = "<group>"; };
		5E1CA47E25C697A9002C37FF /* ja */ = {isa = PBXFileReference; lastKnownFileType = text.plist.strings; name = ja; path = ja.lproj/Localizable.strings; sourceTree = "<group>"; };
		5E1DA5C825D5186A00AB0136 /* MyWidgetExtension.appex */ = {isa = PBXFileReference; explicitFileType = "wrapper.app-extension"; includeInIndex = 0; path = MyWidgetExtension.appex; sourceTree = BUILT_PRODUCTS_DIR; };
		5E1DA5C925D5186A00AB0136 /* WidgetKit.framework */ = {isa = PBXFileReference; lastKnownFileType = wrapper.framework; name = WidgetKit.framework; path = System/Library/Frameworks/WidgetKit.framework; sourceTree = SDKROOT; };
		5E1DA5CB25D5186A00AB0136 /* SwiftUI.framework */ = {isa = PBXFileReference; lastKnownFileType = wrapper.framework; name = SwiftUI.framework; path = System/Library/Frameworks/SwiftUI.framework; sourceTree = SDKROOT; };
		5E1DA5CE25D5186A00AB0136 /* MyWidget.swift */ = {isa = PBXFileReference; lastKnownFileType = sourcecode.swift; path = MyWidget.swift; sourceTree = "<group>"; };
		5E1DA5D025D5186A00AB0136 /* MyWidget.intentdefinition */ = {isa = PBXFileReference; lastKnownFileType = file.intentdefinition; path = MyWidget.intentdefinition; sourceTree = "<group>"; };
		5E1DA5D125D5186D00AB0136 /* Assets.xcassets */ = {isa = PBXFileReference; lastKnownFileType = folder.assetcatalog; path = Assets.xcassets; sourceTree = "<group>"; };
		5E1DA5D325D5186D00AB0136 /* Info.plist */ = {isa = PBXFileReference; lastKnownFileType = text.plist.xml; path = Info.plist; sourceTree = "<group>"; };
		5E1DA60225D56F5200AB0136 /* iOSWidgetKit.entitlements */ = {isa = PBXFileReference; lastKnownFileType = text.plist.entitlements; path = iOSWidgetKit.entitlements; sourceTree = "<group>"; };
		5E1DA62425D5718C00AB0136 /* MyWidgetExtension.entitlements */ = {isa = PBXFileReference; lastKnownFileType = text.plist.entitlements; path = MyWidgetExtension.entitlements; sourceTree = "<group>"; };
/* End PBXFileReference section */

/* Begin PBXFrameworksBuildPhase section */
		5E1CA43025C69482002C37FF /* Frameworks */ = {
			isa = PBXFrameworksBuildPhase;
			buildActionMask = 2147483647;
			files = (
				5E76246525D57BFB0027C803 /* RealmSwift in Frameworks */,
				5E76246325D57BFB0027C803 /* Realm in Frameworks */,
			);
			runOnlyForDeploymentPostprocessing = 0;
		};
		5E1CA44125C69485002C37FF /* Frameworks */ = {
			isa = PBXFrameworksBuildPhase;
			buildActionMask = 2147483647;
			files = (
			);
			runOnlyForDeploymentPostprocessing = 0;
		};
		5E1CA44C25C69485002C37FF /* Frameworks */ = {
			isa = PBXFrameworksBuildPhase;
			buildActionMask = 2147483647;
			files = (
			);
			runOnlyForDeploymentPostprocessing = 0;
		};
		5E1DA5C525D5186A00AB0136 /* Frameworks */ = {
			isa = PBXFrameworksBuildPhase;
			buildActionMask = 2147483647;
			files = (
				5E76246D25D57C1E0027C803 /* RealmSwift in Frameworks */,
				5E76246B25D57C1E0027C803 /* Realm in Frameworks */,
			);
			runOnlyForDeploymentPostprocessing = 0;
		};
/* End PBXFrameworksBuildPhase section */

/* Begin PBXGroup section */
		5E1CA42A25C69482002C37FF = {
			isa = PBXGroup;
			children = (
				5E1DA62425D5718C00AB0136 /* MyWidgetExtension.entitlements */,
				5E1CA43525C69482002C37FF /* iOSWidgetKit */,
				5E1CA44725C69485002C37FF /* iOSWidgetKitTests */,
				5E1CA45225C69485002C37FF /* iOSWidgetKitUITests */,
				5E1DA5CD25D5186A00AB0136 /* MyWidget */,
				5E1CA43425C69482002C37FF /* Products */,
				842408EC0F318EF9B768B102 /* Frameworks */,
			);
			sourceTree = "<group>";
		};
		5E1CA43425C69482002C37FF /* Products */ = {
			isa = PBXGroup;
			children = (
				5E1CA43325C69482002C37FF /* iOSWidgetKit.app */,
				5E1CA44425C69485002C37FF /* iOSWidgetKitTests.xctest */,
				5E1CA44F25C69485002C37FF /* iOSWidgetKitUITests.xctest */,
				5E1DA5C825D5186A00AB0136 /* MyWidgetExtension.appex */,
			);
			name = Products;
			sourceTree = "<group>";
		};
		5E1CA43525C69482002C37FF /* iOSWidgetKit */ = {
			isa = PBXGroup;
			children = (
				5E1DA60225D56F5200AB0136 /* iOSWidgetKit.entitlements */,
				5E1CA43625C69482002C37FF /* SwiftUITask02App.swift */,
				5E1CA43825C69482002C37FF /* ContentView.swift */,
				5E1CA43A25C69485002C37FF /* Assets.xcassets */,
				5E1CA43F25C69485002C37FF /* Info.plist */,
				5E1CA43C25C69485002C37FF /* Preview Content */,
				5E1CA46425C69528002C37FF /* Item.swift */,
				5E1CA46925C69595002C37FF /* ItemView.swift */,
				5E1CA46E25C6974A002C37FF /* EditView.swift */,
				5E1CA47A25C69796002C37FF /* Localizable.strings */,
				5E04A13F25C6E64F00CEEFD0 /* DatabaseManager.swift */,
			);
			path = iOSWidgetKit;
			sourceTree = "<group>";
		};
		5E1CA43C25C69485002C37FF /* Preview Content */ = {
			isa = PBXGroup;
			children = (
				5E1CA43D25C69485002C37FF /* Preview Assets.xcassets */,
			);
			path = "Preview Content";
			sourceTree = "<group>";
		};
		5E1CA44725C69485002C37FF /* iOSWidgetKitTests */ = {
			isa = PBXGroup;
			children = (
				5E1CA44825C69485002C37FF /* SwiftUITask02Tests.swift */,
				5E1CA44A25C69485002C37FF /* Info.plist */,
			);
			path = iOSWidgetKitTests;
			sourceTree = "<group>";
		};
		5E1CA45225C69485002C37FF /* iOSWidgetKitUITests */ = {
			isa = PBXGroup;
			children = (
				5E1CA45325C69485002C37FF /* SwiftUITask02UITests.swift */,
				5E1CA45525C69485002C37FF /* Info.plist */,
			);
			path = iOSWidgetKitUITests;
			sourceTree = "<group>";
		};
		5E1DA5CD25D5186A00AB0136 /* MyWidget */ = {
			isa = PBXGroup;
			children = (
				5E1DA5CE25D5186A00AB0136 /* MyWidget.swift */,
				5E1DA5D025D5186A00AB0136 /* MyWidget.intentdefinition */,
				5E1DA5D125D5186D00AB0136 /* Assets.xcassets */,
				5E1DA5D325D5186D00AB0136 /* Info.plist */,
			);
			path = MyWidget;
			sourceTree = "<group>";
		};
		842408EC0F318EF9B768B102 /* Frameworks */ = {
			isa = PBXGroup;
			children = (
				5E1DA5C925D5186A00AB0136 /* WidgetKit.framework */,
				5E1DA5CB25D5186A00AB0136 /* SwiftUI.framework */,
			);
			name = Frameworks;
			sourceTree = "<group>";
		};
/* End PBXGroup section */

/* Begin PBXNativeTarget section */
		5E1CA43225C69482002C37FF /* iOSWidgetKit */ = {
			isa = PBXNativeTarget;
			buildConfigurationList = 5E1CA45825C69486002C37FF /* Build configuration list for PBXNativeTarget "iOSWidgetKit" */;
			buildPhases = (
				5E1CA42F25C69482002C37FF /* Sources */,
				5E1CA43025C69482002C37FF /* Frameworks */,
				5E1CA43125C69482002C37FF /* Resources */,
				5E1DA5D925D5186D00AB0136 /* Embed App Extensions */,
			);
			buildRules = (
			);
			dependencies = (
				5E1DA5D725D5186D00AB0136 /* PBXTargetDependency */,
			);
			name = iOSWidgetKit;
			packageProductDependencies = (
				5E76246225D57BFB0027C803 /* Realm */,
				5E76246425D57BFB0027C803 /* RealmSwift */,
			);
			productName = SwiftUITask02;
			productReference = 5E1CA43325C69482002C37FF /* iOSWidgetKit.app */;
			productType = "com.apple.product-type.application";
		};
		5E1CA44325C69485002C37FF /* iOSWidgetKitTests */ = {
			isa = PBXNativeTarget;
			buildConfigurationList = 5E1CA45B25C69486002C37FF /* Build configuration list for PBXNativeTarget "iOSWidgetKitTests" */;
			buildPhases = (
				5E1CA44025C69485002C37FF /* Sources */,
				5E1CA44125C69485002C37FF /* Frameworks */,
				5E1CA44225C69485002C37FF /* Resources */,
			);
			buildRules = (
			);
			dependencies = (
				5E1CA44625C69485002C37FF /* PBXTargetDependency */,
			);
			name = iOSWidgetKitTests;
			productName = SwiftUITask02Tests;
			productReference = 5E1CA44425C69485002C37FF /* iOSWidgetKitTests.xctest */;
			productType = "com.apple.product-type.bundle.unit-test";
		};
		5E1CA44E25C69485002C37FF /* iOSWidgetKitUITests */ = {
			isa = PBXNativeTarget;
			buildConfigurationList = 5E1CA45E25C69486002C37FF /* Build configuration list for PBXNativeTarget "iOSWidgetKitUITests" */;
			buildPhases = (
				5E1CA44B25C69485002C37FF /* Sources */,
				5E1CA44C25C69485002C37FF /* Frameworks */,
				5E1CA44D25C69485002C37FF /* Resources */,
			);
			buildRules = (
			);
			dependencies = (
				5E1CA45125C69485002C37FF /* PBXTargetDependency */,
			);
			name = iOSWidgetKitUITests;
			productName = SwiftUITask02UITests;
			productReference = 5E1CA44F25C69485002C37FF /* iOSWidgetKitUITests.xctest */;
			productType = "com.apple.product-type.bundle.ui-testing";
		};
		5E1DA5C725D5186A00AB0136 /* MyWidgetExtension */ = {
			isa = PBXNativeTarget;
			buildConfigurationList = 5E1DA5DC25D5186D00AB0136 /* Build configuration list for PBXNativeTarget "MyWidgetExtension" */;
			buildPhases = (
				5E1DA5C425D5186A00AB0136 /* Sources */,
				5E1DA5C525D5186A00AB0136 /* Frameworks */,
				5E1DA5C625D5186A00AB0136 /* Resources */,
			);
			buildRules = (
			);
			dependencies = (
			);
			name = MyWidgetExtension;
			packageProductDependencies = (
				5E76246A25D57C1E0027C803 /* Realm */,
				5E76246C25D57C1E0027C803 /* RealmSwift */,
			);
			productName = MyWidgetExtension;
			productReference = 5E1DA5C825D5186A00AB0136 /* MyWidgetExtension.appex */;
			productType = "com.apple.product-type.app-extension";
		};
/* End PBXNativeTarget section */

/* Begin PBXProject section */
		5E1CA42B25C69482002C37FF /* Project object */ = {
			isa = PBXProject;
			attributes = {
				LastSwiftUpdateCheck = 1240;
				LastUpgradeCheck = 1230;
				TargetAttributes = {
					5E1CA43225C69482002C37FF = {
						CreatedOnToolsVersion = 12.3;
					};
					5E1CA44325C69485002C37FF = {
						CreatedOnToolsVersion = 12.3;
						TestTargetID = 5E1CA43225C69482002C37FF;
					};
					5E1CA44E25C69485002C37FF = {
						CreatedOnToolsVersion = 12.3;
						TestTargetID = 5E1CA43225C69482002C37FF;
					};
					5E1DA5C725D5186A00AB0136 = {
						CreatedOnToolsVersion = 12.4;
					};
				};
			};
			buildConfigurationList = 5E1CA42E25C69482002C37FF /* Build configuration list for PBXProject "iOSWidgetKit" */;
			compatibilityVersion = "Xcode 9.3";
			developmentRegion = en;
			hasScannedForEncodings = 0;
			knownRegions = (
				en,
				Base,
				ja,
			);
			mainGroup = 5E1CA42A25C69482002C37FF;
			packageReferences = (
				5E76246125D57BFB0027C803 /* XCRemoteSwiftPackageReference "realm-cocoa" */,
			);
			productRefGroup = 5E1CA43425C69482002C37FF /* Products */;
			projectDirPath = "";
			projectRoot = "";
			targets = (
				5E1CA43225C69482002C37FF /* iOSWidgetKit */,
				5E1CA44325C69485002C37FF /* iOSWidgetKitTests */,
				5E1CA44E25C69485002C37FF /* iOSWidgetKitUITests */,
				5E1DA5C725D5186A00AB0136 /* MyWidgetExtension */,
			);
		};
/* End PBXProject section */

/* Begin PBXResourcesBuildPhase section */
		5E1CA43125C69482002C37FF /* Resources */ = {
			isa = PBXResourcesBuildPhase;
			buildActionMask = 2147483647;
			files = (
				5E1CA43E25C69485002C37FF /* Preview Assets.xcassets in Resources */,
				5E1CA47825C69796002C37FF /* Localizable.strings in Resources */,
				5E1CA43B25C69485002C37FF /* Assets.xcassets in Resources */,
			);
			runOnlyForDeploymentPostprocessing = 0;
		};
		5E1CA44225C69485002C37FF /* Resources */ = {
			isa = PBXResourcesBuildPhase;
			buildActionMask = 2147483647;
			files = (
			);
			runOnlyForDeploymentPostprocessing = 0;
		};
		5E1CA44D25C69485002C37FF /* Resources */ = {
			isa = PBXResourcesBuildPhase;
			buildActionMask = 2147483647;
			files = (
			);
			runOnlyForDeploymentPostprocessing = 0;
		};
		5E1DA5C625D5186A00AB0136 /* Resources */ = {
			isa = PBXResourcesBuildPhase;
			buildActionMask = 2147483647;
			files = (
				5E1DA5D225D5186D00AB0136 /* Assets.xcassets in Resources */,
			);
			runOnlyForDeploymentPostprocessing = 0;
		};
/* End PBXResourcesBuildPhase section */

/* Begin PBXSourcesBuildPhase section */
		5E1CA42F25C69482002C37FF /* Sources */ = {
			isa = PBXSourcesBuildPhase;
			buildActionMask = 2147483647;
			files = (
				5E1CA43925C69482002C37FF /* ContentView.swift in Sources */,
				5E1CA46F25C6974A002C37FF /* EditView.swift in Sources */,
				5E04A14025C6E64F00CEEFD0 /* DatabaseManager.swift in Sources */,
				5E1CA46525C69528002C37FF /* Item.swift in Sources */,
				5E1DA5D525D5186D00AB0136 /* MyWidget.intentdefinition in Sources */,
				5E1CA43725C69482002C37FF /* SwiftUITask02App.swift in Sources */,
				5E1CA46A25C69595002C37FF /* ItemView.swift in Sources */,
			);
			runOnlyForDeploymentPostprocessing = 0;
		};
		5E1CA44025C69485002C37FF /* Sources */ = {
			isa = PBXSourcesBuildPhase;
			buildActionMask = 2147483647;
			files = (
				5E1CA44925C69485002C37FF /* SwiftUITask02Tests.swift in Sources */,
			);
			runOnlyForDeploymentPostprocessing = 0;
		};
		5E1CA44B25C69485002C37FF /* Sources */ = {
			isa = PBXSourcesBuildPhase;
			buildActionMask = 2147483647;
			files = (
				5E1CA45425C69485002C37FF /* SwiftUITask02UITests.swift in Sources */,
			);
			runOnlyForDeploymentPostprocessing = 0;
		};
		5E1DA5C425D5186A00AB0136 /* Sources */ = {
			isa = PBXSourcesBuildPhase;
			buildActionMask = 2147483647;
			files = (
				5E1DA5FD25D56ECE00AB0136 /* DatabaseManager.swift in Sources */,
				5E1DA5D425D5186D00AB0136 /* MyWidget.intentdefinition in Sources */,
				5E1DA5F825D56ECA00AB0136 /* Item.swift in Sources */,
				5E1DA5CF25D5186A00AB0136 /* MyWidget.swift in Sources */,
			);
			runOnlyForDeploymentPostprocessing = 0;
		};
/* End PBXSourcesBuildPhase section */

/* Begin PBXTargetDependency section */
		5E1CA44625C69485002C37FF /* PBXTargetDependency */ = {
			isa = PBXTargetDependency;
			target = 5E1CA43225C69482002C37FF /* iOSWidgetKit */;
			targetProxy = 5E1CA44525C69485002C37FF /* PBXContainerItemProxy */;
		};
		5E1CA45125C69485002C37FF /* PBXTargetDependency */ = {
			isa = PBXTargetDependency;
			target = 5E1CA43225C69482002C37FF /* iOSWidgetKit */;
			targetProxy = 5E1CA45025C69485002C37FF /* PBXContainerItemProxy */;
		};
		5E1DA5D725D5186D00AB0136 /* PBXTargetDependency */ = {
			isa = PBXTargetDependency;
			target = 5E1DA5C725D5186A00AB0136 /* MyWidgetExtension */;
			targetProxy = 5E1DA5D625D5186D00AB0136 /* PBXContainerItemProxy */;
		};
/* End PBXTargetDependency section */

/* Begin PBXVariantGroup section */
		5E1CA47A25C69796002C37FF /* Localizable.strings */ = {
			isa = PBXVariantGroup;
			children = (
				5E1CA47925C69796002C37FF /* en */,
				5E1CA47E25C697A9002C37FF /* ja */,
			);
			name = Localizable.strings;
			sourceTree = "<group>";
		};
/* End PBXVariantGroup section */

/* Begin XCBuildConfiguration section */
		5E1CA45625C69486002C37FF /* Debug */ = {
			isa = XCBuildConfiguration;
			buildSettings = {
				ALWAYS_SEARCH_USER_PATHS = NO;
				CLANG_ANALYZER_LOCALIZABILITY_NONLOCALIZED = YES;
				CLANG_ANALYZER_NONNULL = YES;
				CLANG_ANALYZER_NUMBER_OBJECT_CONVERSION = YES_AGGRESSIVE;
				CLANG_CXX_LANGUAGE_STANDARD = "gnu++14";
				CLANG_CXX_LIBRARY = "libc++";
				CLANG_ENABLE_MODULES = YES;
				CLANG_ENABLE_OBJC_ARC = YES;
				CLANG_ENABLE_OBJC_WEAK = YES;
				CLANG_WARN_BLOCK_CAPTURE_AUTORELEASING = YES;
				CLANG_WARN_BOOL_CONVERSION = YES;
				CLANG_WARN_COMMA = YES;
				CLANG_WARN_CONSTANT_CONVERSION = YES;
				CLANG_WARN_DEPRECATED_OBJC_IMPLEMENTATIONS = YES;
				CLANG_WARN_DIRECT_OBJC_ISA_USAGE = YES_ERROR;
				CLANG_WARN_DOCUMENTATION_COMMENTS = YES;
				CLANG_WARN_EMPTY_BODY = YES;
				CLANG_WARN_ENUM_CONVERSION = YES;
				CLANG_WARN_INFINITE_RECURSION = YES;
				CLANG_WARN_INT_CONVERSION = YES;
				CLANG_WARN_NON_LITERAL_NULL_CONVERSION = YES;
				CLANG_WARN_OBJC_IMPLICIT_RETAIN_SELF = YES;
				CLANG_WARN_OBJC_LITERAL_CONVERSION = YES;
				CLANG_WARN_OBJC_ROOT_CLASS = YES_ERROR;
				CLANG_WARN_QUOTED_INCLUDE_IN_FRAMEWORK_HEADER = YES;
				CLANG_WARN_RANGE_LOOP_ANALYSIS = YES;
				CLANG_WARN_STRICT_PROTOTYPES = YES;
				CLANG_WARN_SUSPICIOUS_MOVE = YES;
				CLANG_WARN_UNGUARDED_AVAILABILITY = YES_AGGRESSIVE;
				CLANG_WARN_UNREACHABLE_CODE = YES;
				CLANG_WARN__DUPLICATE_METHOD_MATCH = YES;
				COPY_PHASE_STRIP = NO;
				DEBUG_INFORMATION_FORMAT = dwarf;
				ENABLE_STRICT_OBJC_MSGSEND = YES;
				ENABLE_TESTABILITY = YES;
				GCC_C_LANGUAGE_STANDARD = gnu11;
				GCC_DYNAMIC_NO_PIC = NO;
				GCC_NO_COMMON_BLOCKS = YES;
				GCC_OPTIMIZATION_LEVEL = 0;
				GCC_PREPROCESSOR_DEFINITIONS = (
					"DEBUG=1",
					"$(inherited)",
				);
				GCC_WARN_64_TO_32_BIT_CONVERSION = YES;
				GCC_WARN_ABOUT_RETURN_TYPE = YES_ERROR;
				GCC_WARN_UNDECLARED_SELECTOR = YES;
				GCC_WARN_UNINITIALIZED_AUTOS = YES_AGGRESSIVE;
				GCC_WARN_UNUSED_FUNCTION = YES;
				GCC_WARN_UNUSED_VARIABLE = YES;
				IPHONEOS_DEPLOYMENT_TARGET = 14.3;
				MTL_ENABLE_DEBUG_INFO = INCLUDE_SOURCE;
				MTL_FAST_MATH = YES;
				ONLY_ACTIVE_ARCH = YES;
				SDKROOT = iphoneos;
				SWIFT_ACTIVE_COMPILATION_CONDITIONS = DEBUG;
				SWIFT_OPTIMIZATION_LEVEL = "-Onone";
			};
			name = Debug;
		};
		5E1CA45725C69486002C37FF /* Release */ = {
			isa = XCBuildConfiguration;
			buildSettings = {
				ALWAYS_SEARCH_USER_PATHS = NO;
				CLANG_ANALYZER_LOCALIZABILITY_NONLOCALIZED = YES;
				CLANG_ANALYZER_NONNULL = YES;
				CLANG_ANALYZER_NUMBER_OBJECT_CONVERSION = YES_AGGRESSIVE;
				CLANG_CXX_LANGUAGE_STANDARD = "gnu++14";
				CLANG_CXX_LIBRARY = "libc++";
				CLANG_ENABLE_MODULES = YES;
				CLANG_ENABLE_OBJC_ARC = YES;
				CLANG_ENABLE_OBJC_WEAK = YES;
				CLANG_WARN_BLOCK_CAPTURE_AUTORELEASING = YES;
				CLANG_WARN_BOOL_CONVERSION = YES;
				CLANG_WARN_COMMA = YES;
				CLANG_WARN_CONSTANT_CONVERSION = YES;
				CLANG_WARN_DEPRECATED_OBJC_IMPLEMENTATIONS = YES;
				CLANG_WARN_DIRECT_OBJC_ISA_USAGE = YES_ERROR;
				CLANG_WARN_DOCUMENTATION_COMMENTS = YES;
				CLANG_WARN_EMPTY_BODY = YES;
				CLANG_WARN_ENUM_CONVERSION = YES;
				CLANG_WARN_INFINITE_RECURSION = YES;
				CLANG_WARN_INT_CONVERSION = YES;
				CLANG_WARN_NON_LITERAL_NULL_CONVERSION = YES;
				CLANG_WARN_OBJC_IMPLICIT_RETAIN_SELF = YES;
				CLANG_WARN_OBJC_LITERAL_CONVERSION = YES;
				CLANG_WARN_OBJC_ROOT_CLASS = YES_ERROR;
				CLANG_WARN_QUOTED_INCLUDE_IN_FRAMEWORK_HEADER = YES;
				CLANG_WARN_RANGE_LOOP_ANALYSIS = YES;
				CLANG_WARN_STRICT_PROTOTYPES = YES;
				CLANG_WARN_SUSPICIOUS_MOVE = YES;
				CLANG_WARN_UNGUARDED_AVAILABILITY = YES_AGGRESSIVE;
				CLANG_WARN_UNREACHABLE_CODE = YES;
				CLANG_WARN__DUPLICATE_METHOD_MATCH = YES;
				COPY_PHASE_STRIP = NO;
				DEBUG_INFORMATION_FORMAT = "dwarf-with-dsym";
				ENABLE_NS_ASSERTIONS = NO;
				ENABLE_STRICT_OBJC_MSGSEND = YES;
				GCC_C_LANGUAGE_STANDARD = gnu11;
				GCC_NO_COMMON_BLOCKS = YES;
				GCC_WARN_64_TO_32_BIT_CONVERSION = YES;
				GCC_WARN_ABOUT_RETURN_TYPE = YES_ERROR;
				GCC_WARN_UNDECLARED_SELECTOR = YES;
				GCC_WARN_UNINITIALIZED_AUTOS = YES_AGGRESSIVE;
				GCC_WARN_UNUSED_FUNCTION = YES;
				GCC_WARN_UNUSED_VARIABLE = YES;
				IPHONEOS_DEPLOYMENT_TARGET = 14.3;
				MTL_ENABLE_DEBUG_INFO = NO;
				MTL_FAST_MATH = YES;
				SDKROOT = iphoneos;
				SWIFT_COMPILATION_MODE = wholemodule;
				SWIFT_OPTIMIZATION_LEVEL = "-O";
				VALIDATE_PRODUCT = YES;
			};
			name = Release;
		};
		5E1CA45925C69486002C37FF /* Debug */ = {
			isa = XCBuildConfiguration;
			buildSettings = {
				ALWAYS_EMBED_SWIFT_STANDARD_LIBRARIES = YES;
				ASSETCATALOG_COMPILER_APPICON_NAME = AppIcon;
				ASSETCATALOG_COMPILER_GLOBAL_ACCENT_COLOR_NAME = AccentColor;
				CODE_SIGN_ENTITLEMENTS = iOSWidgetKit/iOSWidgetKit.entitlements;
				CODE_SIGN_STYLE = Automatic;
				DEVELOPMENT_ASSET_PATHS = "\"iOSWidgetKit/Preview Content\"";
				DEVELOPMENT_TEAM = Y48P6SY25X;
				ENABLE_PREVIEWS = YES;
				INFOPLIST_FILE = iOSWidgetKit/Info.plist;
				IPHONEOS_DEPLOYMENT_TARGET = 14.0;
				LD_RUNPATH_SEARCH_PATHS = (
					"$(inherited)",
					"@executable_path/Frameworks",
				);
				PRODUCT_BUNDLE_IDENTIFIER = jp.kiroru.iOSWidgetKit;
				PRODUCT_NAME = "$(TARGET_NAME)";
				SWIFT_VERSION = 5.0;
				TARGETED_DEVICE_FAMILY = "1,2";
			};
			name = Debug;
		};
		5E1CA45A25C69486002C37FF /* Release */ = {
			isa = XCBuildConfiguration;
			buildSettings = {
				ALWAYS_EMBED_SWIFT_STANDARD_LIBRARIES = YES;
				ASSETCATALOG_COMPILER_APPICON_NAME = AppIcon;
				ASSETCATALOG_COMPILER_GLOBAL_ACCENT_COLOR_NAME = AccentColor;
				CODE_SIGN_ENTITLEMENTS = iOSWidgetKit/iOSWidgetKit.entitlements;
				CODE_SIGN_STYLE = Automatic;
				DEVELOPMENT_ASSET_PATHS = "\"iOSWidgetKit/Preview Content\"";
				DEVELOPMENT_TEAM = Y48P6SY25X;
				ENABLE_PREVIEWS = YES;
				INFOPLIST_FILE = iOSWidgetKit/Info.plist;
				IPHONEOS_DEPLOYMENT_TARGET = 14.0;
				LD_RUNPATH_SEARCH_PATHS = (
					"$(inherited)",
					"@executable_path/Frameworks",
				);
				PRODUCT_BUNDLE_IDENTIFIER = jp.kiroru.iOSWidgetKit;
				PRODUCT_NAME = "$(TARGET_NAME)";
				SWIFT_VERSION = 5.0;
				TARGETED_DEVICE_FAMILY = "1,2";
			};
			name = Release;
		};
		5E1CA45C25C69486002C37FF /* Debug */ = {
			isa = XCBuildConfiguration;
			buildSettings = {
				ALWAYS_EMBED_SWIFT_STANDARD_LIBRARIES = YES;
				BUNDLE_LOADER = "$(TEST_HOST)";
				CODE_SIGN_STYLE = Automatic;
				INFOPLIST_FILE = SwiftUITask02Tests/Info.plist;
				IPHONEOS_DEPLOYMENT_TARGET = 14.0;
				LD_RUNPATH_SEARCH_PATHS = (
					"$(inherited)",
					"@executable_path/Frameworks",
					"@loader_path/Frameworks",
				);
				PRODUCT_BUNDLE_IDENTIFIER = jp.kiroru.SwiftUITask02Tests;
				PRODUCT_NAME = "$(TARGET_NAME)";
				SWIFT_VERSION = 5.0;
				TARGETED_DEVICE_FAMILY = "1,2";
				TEST_HOST = "$(BUILT_PRODUCTS_DIR)/iOSWidgetKit.app/iOSWidgetKit";
			};
			name = Debug;
		};
		5E1CA45D25C69486002C37FF /* Release */ = {
			isa = XCBuildConfiguration;
			buildSettings = {
				ALWAYS_EMBED_SWIFT_STANDARD_LIBRARIES = YES;
				BUNDLE_LOADER = "$(TEST_HOST)";
				CODE_SIGN_STYLE = Automatic;
				INFOPLIST_FILE = SwiftUITask02Tests/Info.plist;
				IPHONEOS_DEPLOYMENT_TARGET = 14.0;
				LD_RUNPATH_SEARCH_PATHS = (
					"$(inherited)",
					"@executable_path/Frameworks",
					"@loader_path/Frameworks",
				);
				PRODUCT_BUNDLE_IDENTIFIER = jp.kiroru.SwiftUITask02Tests;
				PRODUCT_NAME = "$(TARGET_NAME)";
				SWIFT_VERSION = 5.0;
				TARGETED_DEVICE_FAMILY = "1,2";
				TEST_HOST = "$(BUILT_PRODUCTS_DIR)/iOSWidgetKit.app/iOSWidgetKit";
			};
			name = Release;
		};
		5E1CA45F25C69486002C37FF /* Debug */ = {
			isa = XCBuildConfiguration;
			buildSettings = {
				ALWAYS_EMBED_SWIFT_STANDARD_LIBRARIES = YES;
				CODE_SIGN_STYLE = Automatic;
				INFOPLIST_FILE = SwiftUITask02UITests/Info.plist;
				LD_RUNPATH_SEARCH_PATHS = (
					"$(inherited)",
					"@executable_path/Frameworks",
					"@loader_path/Frameworks",
				);
				PRODUCT_BUNDLE_IDENTIFIER = jp.kiroru.SwiftUITask02UITests;
				PRODUCT_NAME = "$(TARGET_NAME)";
				SWIFT_VERSION = 5.0;
				TARGETED_DEVICE_FAMILY = "1,2";
				TEST_TARGET_NAME = SwiftUITask02;
			};
			name = Debug;
		};
		5E1CA46025C69486002C37FF /* Release */ = {
			isa = XCBuildConfiguration;
			buildSettings = {
				ALWAYS_EMBED_SWIFT_STANDARD_LIBRARIES = YES;
				CODE_SIGN_STYLE = Automatic;
				INFOPLIST_FILE = SwiftUITask02UITests/Info.plist;
				LD_RUNPATH_SEARCH_PATHS = (
					"$(inherited)",
					"@executable_path/Frameworks",
					"@loader_path/Frameworks",
				);
				PRODUCT_BUNDLE_IDENTIFIER = jp.kiroru.SwiftUITask02UITests;
				PRODUCT_NAME = "$(TARGET_NAME)";
				SWIFT_VERSION = 5.0;
				TARGETED_DEVICE_FAMILY = "1,2";
				TEST_TARGET_NAME = SwiftUITask02;
			};
			name = Release;
		};
		5E1DA5DA25D5186D00AB0136 /* Debug */ = {
			isa = XCBuildConfiguration;
			buildSettings = {
				ASSETCATALOG_COMPILER_GLOBAL_ACCENT_COLOR_NAME = AccentColor;
				ASSETCATALOG_COMPILER_WIDGET_BACKGROUND_COLOR_NAME = WidgetBackground;
				CODE_SIGN_ENTITLEMENTS = MyWidgetExtension.entitlements;
				CODE_SIGN_STYLE = Automatic;
				DEVELOPMENT_TEAM = Y48P6SY25X;
				INFOPLIST_FILE = MyWidget/Info.plist;
				IPHONEOS_DEPLOYMENT_TARGET = 14.4;
				LD_RUNPATH_SEARCH_PATHS = (
					"$(inherited)",
					"@executable_path/Frameworks",
					"@executable_path/../../Frameworks",
				);
				PRODUCT_BUNDLE_IDENTIFIER = jp.kiroru.iOSWidgetKit.MyWidget;
				PRODUCT_NAME = "$(TARGET_NAME)";
				SKIP_INSTALL = YES;
				SWIFT_VERSION = 5.0;
				TARGETED_DEVICE_FAMILY = "1,2";
			};
			name = Debug;
		};
		5E1DA5DB25D5186D00AB0136 /* Release */ = {
			isa = XCBuildConfiguration;
			buildSettings = {
				ASSETCATALOG_COMPILER_GLOBAL_ACCENT_COLOR_NAME = AccentColor;
				ASSETCATALOG_COMPILER_WIDGET_BACKGROUND_COLOR_NAME = WidgetBackground;
				CODE_SIGN_ENTITLEMENTS = MyWidgetExtension.entitlements;
				CODE_SIGN_STYLE = Automatic;
				DEVELOPMENT_TEAM = Y48P6SY25X;
				INFOPLIST_FILE = MyWidget/Info.plist;
				IPHONEOS_DEPLOYMENT_TARGET = 14.4;
				LD_RUNPATH_SEARCH_PATHS = (
					"$(inherited)",
					"@executable_path/Frameworks",
					"@executable_path/../../Frameworks",
				);
				PRODUCT_BUNDLE_IDENTIFIER = jp.kiroru.iOSWidgetKit.MyWidget;
				PRODUCT_NAME = "$(TARGET_NAME)";
				SKIP_INSTALL = YES;
				SWIFT_VERSION = 5.0;
				TARGETED_DEVICE_FAMILY = "1,2";
			};
			name = Release;
		};
/* End XCBuildConfiguration section */

/* Begin XCConfigurationList section */
		5E1CA42E25C69482002C37FF /* Build configuration list for PBXProject "iOSWidgetKit" */ = {
			isa = XCConfigurationList;
			buildConfigurations = (
				5E1CA45625C69486002C37FF /* Debug */,
				5E1CA45725C69486002C37FF /* Release */,
			);
			defaultConfigurationIsVisible = 0;
			defaultConfigurationName = Release;
		};
		5E1CA45825C69486002C37FF /* Build configuration list for PBXNativeTarget "iOSWidgetKit" */ = {
			isa = XCConfigurationList;
			buildConfigurations = (
				5E1CA45925C69486002C37FF /* Debug */,
				5E1CA45A25C69486002C37FF /* Release */,
			);
			defaultConfigurationIsVisible = 0;
			defaultConfigurationName = Release;
		};
		5E1CA45B25C69486002C37FF /* Build configuration list for PBXNativeTarget "iOSWidgetKitTests" */ = {
			isa = XCConfigurationList;
			buildConfigurations = (
				5E1CA45C25C69486002C37FF /* Debug */,
				5E1CA45D25C69486002C37FF /* Release */,
			);
			defaultConfigurationIsVisible = 0;
			defaultConfigurationName = Release;
		};
		5E1CA45E25C69486002C37FF /* Build configuration list for PBXNativeTarget "iOSWidgetKitUITests" */ = {
			isa = XCConfigurationList;
			buildConfigurations = (
				5E1CA45F25C69486002C37FF /* Debug */,
				5E1CA46025C69486002C37FF /* Release */,
			);
			defaultConfigurationIsVisible = 0;
			defaultConfigurationName = Release;
		};
		5E1DA5DC25D5186D00AB0136 /* Build configuration list for PBXNativeTarget "MyWidgetExtension" */ = {
			isa = XCConfigurationList;
			buildConfigurations = (
				5E1DA5DA25D5186D00AB0136 /* Debug */,
				5E1DA5DB25D5186D00AB0136 /* Release */,
			);
			defaultConfigurationIsVisible = 0;
			defaultConfigurationName = Release;
		};
/* End XCConfigurationList section */

/* Begin XCRemoteSwiftPackageReference section */
		5E76246125D57BFB0027C803 /* XCRemoteSwiftPackageReference "realm-cocoa" */ = {
			isa = XCRemoteSwiftPackageReference;
			repositoryURL = "https://github.com/realm/realm-cocoa";
			requirement = {
				kind = upToNextMajorVersion;
				minimumVersion = 10.5.2;
			};
		};
/* End XCRemoteSwiftPackageReference section */

/* Begin XCSwiftPackageProductDependency section */
		5E76246225D57BFB0027C803 /* Realm */ = {
			isa = XCSwiftPackageProductDependency;
			package = 5E76246125D57BFB0027C803 /* XCRemoteSwiftPackageReference "realm-cocoa" */;
			productName = Realm;
		};
		5E76246425D57BFB0027C803 /* RealmSwift */ = {
			isa = XCSwiftPackageProductDependency;
			package = 5E76246125D57BFB0027C803 /* XCRemoteSwiftPackageReference "realm-cocoa" */;
			productName = RealmSwift;
		};
		5E76246A25D57C1E0027C803 /* Realm */ = {
			isa = XCSwiftPackageProductDependency;
			package = 5E76246125D57BFB0027C803 /* XCRemoteSwiftPackageReference "realm-cocoa" */;
			productName = Realm;
		};
		5E76246C25D57C1E0027C803 /* RealmSwift */ = {
			isa = XCSwiftPackageProductDependency;
			package = 5E76246125D57BFB0027C803 /* XCRemoteSwiftPackageReference "realm-cocoa" */;
			productName = RealmSwift;
		};
/* End XCSwiftPackageProductDependency section */
	};
	rootObject = 5E1CA42B25C69482002C37FF /* Project object */;
}
